// !$*UTF8*$!
{
	archiveVersion = 1;
	classes = {
	};
	objectVersion = 46;
	objects = {

/* Begin PBXBuildFile section */
		1199A1B81C6D7B2500D31D4A /* AppDelegate.swift in Sources */ = {isa = PBXBuildFile; fileRef = 1199A1B71C6D7B2500D31D4A /* AppDelegate.swift */; };
		1199A1BA1C6D7B2500D31D4A /* ViewController.swift in Sources */ = {isa = PBXBuildFile; fileRef = 1199A1B91C6D7B2500D31D4A /* ViewController.swift */; };
		1199A1BD1C6D7B2500D31D4A /* Main.storyboard in Resources */ = {isa = PBXBuildFile; fileRef = 1199A1BB1C6D7B2500D31D4A /* Main.storyboard */; };
		1199A1BF1C6D7B2600D31D4A /* Assets.xcassets in Resources */ = {isa = PBXBuildFile; fileRef = 1199A1BE1C6D7B2600D31D4A /* Assets.xcassets */; };
		1199A1C21C6D7B2700D31D4A /* LaunchScreen.storyboard in Resources */ = {isa = PBXBuildFile; fileRef = 1199A1C01C6D7B2700D31D4A /* LaunchScreen.storyboard */; };
		1199A1CD1C6D7B2900D31D4A /* SuperCoolTests.swift in Sources */ = {isa = PBXBuildFile; fileRef = 1199A1CC1C6D7B2900D31D4A /* SuperCoolTests.swift */; };
		1199A1D81C6D7B2A00D31D4A /* SuperCoolUITests.swift in Sources */ = {isa = PBXBuildFile; fileRef = 1199A1D71C6D7B2A00D31D4A /* SuperCoolUITests.swift */; };
/* End PBXBuildFile section */

/* Begin PBXContainerItemProxy section */
		1199A1C91C6D7B2900D31D4A /* PBXContainerItemProxy */ = {
			isa = PBXContainerItemProxy;
			containerPortal = 1199A1AC1C6D7B2500D31D4A /* Project object */;
			proxyType = 1;
			remoteGlobalIDString = 1199A1B31C6D7B2500D31D4A;
			remoteInfo = SuperCool;
		};
		1199A1D41C6D7B2A00D31D4A /* PBXContainerItemProxy */ = {
			isa = PBXContainerItemProxy;
			containerPortal = 1199A1AC1C6D7B2500D31D4A /* Project object */;
			proxyType = 1;
			remoteGlobalIDString = 1199A1B31C6D7B2500D31D4A;
			remoteInfo = SuperCool;
		};
/* End PBXContainerItemProxy section */

/* Begin PBXFileReference section */
		1199A1B41C6D7B2500D31D4A /* SuperCool.app */ = {isa = PBXFileReference; explicitFileType = wrapper.application; includeInIndex = 0; path = SuperCool.app; sourceTree = BUILT_PRODUCTS_DIR; };
		1199A1B71C6D7B2500D31D4A /* AppDelegate.swift */ = {isa = PBXFileReference; lastKnownFileType = sourcecode.swift; path = AppDelegate.swift; sourceTree = "<group>"; };
		1199A1B91C6D7B2500D31D4A /* ViewController.swift */ = {isa = PBXFileReference; lastKnownFileType = sourcecode.swift; path = ViewController.swift; sourceTree = "<group>"; };
		1199A1BC1C6D7B2500D31D4A /* Base */ = {isa = PBXFileReference; lastKnownFileType = file.storyboard; name = Base; path = Base.lproj/Main.storyboard; sourceTree = "<group>"; };
		1199A1BE1C6D7B2600D31D4A /* Assets.xcassets */ = {isa = PBXFileReference; lastKnownFileType = folder.assetcatalog; path = Assets.xcassets; sourceTree = "<group>"; };
		1199A1C11C6D7B2700D31D4A /* Base */ = {isa = PBXFileReference; lastKnownFileType = file.storyboard; name = Base; path = Base.lproj/LaunchScreen.storyboard; sourceTree = "<group>"; };
		1199A1C31C6D7B2700D31D4A /* Info.plist */ = {isa = PBXFileReference; lastKnownFileType = text.plist.xml; path = Info.plist; sourceTree = "<group>"; };
		1199A1C81C6D7B2900D31D4A /* SuperCoolTests.xctest */ = {isa = PBXFileReference; explicitFileType = wrapper.cfbundle; includeInIndex = 0; path = SuperCoolTests.xctest; sourceTree = BUILT_PRODUCTS_DIR; };
		1199A1CC1C6D7B2900D31D4A /* SuperCoolTests.swift */ = {isa = PBXFileReference; lastKnownFileType = sourcecode.swift; path = SuperCoolTests.swift; sourceTree = "<group>"; };
		1199A1CE1C6D7B2900D31D4A /* Info.plist */ = {isa = PBXFileReference; lastKnownFileType = text.plist.xml; path = Info.plist; sourceTree = "<group>"; };
		1199A1D31C6D7B2A00D31D4A /* SuperCoolUITests.xctest */ = {isa = PBXFileReference; explicitFileType = wrapper.cfbundle; includeInIndex = 0; path = SuperCoolUITests.xctest; sourceTree = BUILT_PRODUCTS_DIR; };
		1199A1D71C6D7B2A00D31D4A /* SuperCoolUITests.swift */ = {isa = PBXFileReference; lastKnownFileType = sourcecode.swift; path = SuperCoolUITests.swift; sourceTree = "<group>"; };
		1199A1D91C6D7B2A00D31D4A /* Info.plist */ = {isa = PBXFileReference; lastKnownFileType = text.plist.xml; path = Info.plist; sourceTree = "<group>"; };
/* End PBXFileReference section */

/* Begin PBXFrameworksBuildPhase section */
		1199A1B11C6D7B2500D31D4A /* Frameworks */ = {
			isa = PBXFrameworksBuildPhase;
			buildActionMask = 2147483647;
			files = (
			);
			runOnlyForDeploymentPostprocessing = 0;
		};
		1199A1C51C6D7B2900D31D4A /* Frameworks */ = {
			isa = PBXFrameworksBuildPhase;
			buildActionMask = 2147483647;
			files = (
			);
			runOnlyForDeploymentPostprocessing = 0;
		};
		1199A1D01C6D7B2900D31D4A /* Frameworks */ = {
			isa = PBXFrameworksBuildPhase;
			buildActionMask = 2147483647;
			files = (
			);
			runOnlyForDeploymentPostprocessing = 0;
		};
/* End PBXFrameworksBuildPhase section */

/* Begin PBXGroup section */
		1199A1AB1C6D7B2500D31D4A = {
			isa = PBXGroup;
			children = (
				1199A1B61C6D7B2500D31D4A /* SuperCool */,
				1199A1CB1C6D7B2900D31D4A /* SuperCoolTests */,
				1199A1D61C6D7B2A00D31D4A /* SuperCoolUITests */,
				1199A1B51C6D7B2500D31D4A /* Products */,
			);
			sourceTree = "<group>";
		};
		1199A1B51C6D7B2500D31D4A /* Products */ = {
			isa = PBXGroup;
			children = (
				1199A1B41C6D7B2500D31D4A /* SuperCool.app */,
				1199A1C81C6D7B2900D31D4A /* SuperCoolTests.xctest */,
				1199A1D31C6D7B2A00D31D4A /* SuperCoolUITests.xctest */,
			);
			name = Products;
			sourceTree = "<group>";
		};
		1199A1B61C6D7B2500D31D4A /* SuperCool */ = {
			isa = PBXGroup;
			children = (
				1199A1B71C6D7B2500D31D4A /* AppDelegate.swift */,
				1199A1B91C6D7B2500D31D4A /* ViewController.swift */,
				1199A1BB1C6D7B2500D31D4A /* Main.storyboard */,
				1199A1BE1C6D7B2600D31D4A /* Assets.xcassets */,
				1199A1C01C6D7B2700D31D4A /* LaunchScreen.storyboard */,
				1199A1C31C6D7B2700D31D4A /* Info.plist */,
			);
			path = SuperCool;
			sourceTree = "<group>";
		};
		1199A1CB1C6D7B2900D31D4A /* SuperCoolTests */ = {
			isa = PBXGroup;
			children = (
				1199A1CC1C6D7B2900D31D4A /* SuperCoolTests.swift */,
				1199A1CE1C6D7B2900D31D4A /* Info.plist */,
			);
			path = SuperCoolTests;
			sourceTree = "<group>";
		};
		1199A1D61C6D7B2A00D31D4A /* SuperCoolUITests */ = {
			isa = PBXGroup;
			children = (
				1199A1D71C6D7B2A00D31D4A /* SuperCoolUITests.swift */,
				1199A1D91C6D7B2A00D31D4A /* Info.plist */,
			);
			path = SuperCoolUITests;
			sourceTree = "<group>";
		};
/* End PBXGroup section */

/* Begin PBXNativeTarget section */
		1199A1B31C6D7B2500D31D4A /* SuperCool */ = {
			isa = PBXNativeTarget;
			buildConfigurationList = 1199A1DC1C6D7B2A00D31D4A /* Build configuration list for PBXNativeTarget "SuperCool" */;
			buildPhases = (
				1199A1B01C6D7B2500D31D4A /* Sources */,
				1199A1B11C6D7B2500D31D4A /* Frameworks */,
				1199A1B21C6D7B2500D31D4A /* Resources */,
			);
			buildRules = (
			);
			dependencies = (
			);
			name = SuperCool;
			productName = SuperCool;
			productReference = 1199A1B41C6D7B2500D31D4A /* SuperCool.app */;
			productType = "com.apple.product-type.application";
		};
		1199A1C71C6D7B2900D31D4A /* SuperCoolTests */ = {
			isa = PBXNativeTarget;
			buildConfigurationList = 1199A1DF1C6D7B2A00D31D4A /* Build configuration list for PBXNativeTarget "SuperCoolTests" */;
			buildPhases = (
				1199A1C41C6D7B2900D31D4A /* Sources */,
				1199A1C51C6D7B2900D31D4A /* Frameworks */,
				1199A1C61C6D7B2900D31D4A /* Resources */,
			);
			buildRules = (
			);
			dependencies = (
				1199A1CA1C6D7B2900D31D4A /* PBXTargetDependency */,
			);
			name = SuperCoolTests;
			productName = SuperCoolTests;
			productReference = 1199A1C81C6D7B2900D31D4A /* SuperCoolTests.xctest */;
			productType = "com.apple.product-type.bundle.unit-test";
		};
		1199A1D21C6D7B2900D31D4A /* SuperCoolUITests */ = {
			isa = PBXNativeTarget;
			buildConfigurationList = 1199A1E21C6D7B2A00D31D4A /* Build configuration list for PBXNativeTarget "SuperCoolUITests" */;
			buildPhases = (
				1199A1CF1C6D7B2900D31D4A /* Sources */,
				1199A1D01C6D7B2900D31D4A /* Frameworks */,
				1199A1D11C6D7B2900D31D4A /* Resources */,
			);
			buildRules = (
			);
			dependencies = (
				1199A1D51C6D7B2A00D31D4A /* PBXTargetDependency */,
			);
			name = SuperCoolUITests;
			productName = SuperCoolUITests;
			productReference = 1199A1D31C6D7B2A00D31D4A /* SuperCoolUITests.xctest */;
			productType = "com.apple.product-type.bundle.ui-testing";
		};
/* End PBXNativeTarget section */

/* Begin PBXProject section */
		1199A1AC1C6D7B2500D31D4A /* Project object */ = {
			isa = PBXProject;
			attributes = {
				LastSwiftUpdateCheck = 0720;
				LastUpgradeCheck = 0720;
				ORGANIZATIONNAME = "Seonghan Kim";
				TargetAttributes = {
					1199A1B31C6D7B2500D31D4A = {
						CreatedOnToolsVersion = 7.2;
					};
					1199A1C71C6D7B2900D31D4A = {
						CreatedOnToolsVersion = 7.2;
						TestTargetID = 1199A1B31C6D7B2500D31D4A;
					};
					1199A1D21C6D7B2900D31D4A = {
						CreatedOnToolsVersion = 7.2;
						TestTargetID = 1199A1B31C6D7B2500D31D4A;
					};
				};
			};
			buildConfigurationList = 1199A1AF1C6D7B2500D31D4A /* Build configuration list for PBXProject "SuperCool" */;
			compatibilityVersion = "Xcode 3.2";
			developmentRegion = English;
			hasScannedForEncodings = 0;
			knownRegions = (
				en,
				Base,
			);
			mainGroup = 1199A1AB1C6D7B2500D31D4A;
			productRefGroup = 1199A1B51C6D7B2500D31D4A /* Products */;
			projectDirPath = "";
			projectRoot = "";
			targets = (
				1199A1B31C6D7B2500D31D4A /* SuperCool */,
				1199A1C71C6D7B2900D31D4A /* SuperCoolTests */,
				1199A1D21C6D7B2900D31D4A /* SuperCoolUITests */,
			);
		};
/* End PBXProject section */

/* Begin PBXResourcesBuildPhase section */
		1199A1B21C6D7B2500D31D4A /* Resources */ = {
			isa = PBXResourcesBuildPhase;
			buildActionMask = 2147483647;
			files = (
				1199A1C21C6D7B2700D31D4A /* LaunchScreen.storyboard in Resources */,
				1199A1BF1C6D7B2600D31D4A /* Assets.xcassets in Resources */,
				1199A1BD1C6D7B2500D31D4A /* Main.storyboard in Resources */,
			);
			runOnlyForDeploymentPostprocessing = 0;
		};
		1199A1C61C6D7B2900D31D4A /* Resources */ = {
			isa = PBXResourcesBuildPhase;
			buildActionMask = 2147483647;
			files = (
			);
			runOnlyForDeploymentPostprocessing = 0;
		};
		1199A1D11C6D7B2900D31D4A /* Resources */ = {
			isa = PBXResourcesBuildPhase;
			buildActionMask = 2147483647;
			files = (
			);
			runOnlyForDeploymentPostprocessing = 0;
		};
/* End PBXResourcesBuildPhase section */

/* Begin PBXSourcesBuildPhase section */
		1199A1B01C6D7B2500D31D4A /* Sources */ = {
			isa = PBXSourcesBuildPhase;
			buildActionMask = 2147483647;
			files = (
				1199A1BA1C6D7B2500D31D4A /* ViewController.swift in Sources */,
				1199A1B81C6D7B2500D31D4A /* AppDelegate.swift in Sources */,
			);
			runOnlyForDeploymentPostprocessing = 0;
		};
		1199A1C41C6D7B2900D31D4A /* Sources */ = {
			isa = PBXSourcesBuildPhase;
			buildActionMask = 2147483647;
			files = (
				1199A1CD1C6D7B2900D31D4A /* SuperCoolTests.swift in Sources */,
			);
			runOnlyForDeploymentPostprocessing = 0;
		};
		1199A1CF1C6D7B2900D31D4A /* Sources */ = {
			isa = PBXSourcesBuildPhase;
			buildActionMask = 2147483647;
			files = (
				1199A1D81C6D7B2A00D31D4A /* SuperCoolUITests.swift in Sources */,
			);
			runOnlyForDeploymentPostprocessing = 0;
		};
/* End PBXSourcesBuildPhase section */

/* Begin PBXTargetDependency section */
		1199A1CA1C6D7B2900D31D4A /* PBXTargetDependency */ = {
			isa = PBXTargetDependency;
			target = 1199A1B31C6D7B2500D31D4A /* SuperCool */;
			targetProxy = 1199A1C91C6D7B2900D31D4A /* PBXContainerItemProxy */;
		};
		1199A1D51C6D7B2A00D31D4A /* PBXTargetDependency */ = {
			isa = PBXTargetDependency;
			target = 1199A1B31C6D7B2500D31D4A /* SuperCool */;
			targetProxy = 1199A1D41C6D7B2A00D31D4A /* PBXContainerItemProxy */;
		};
/* End PBXTargetDependency section */

/* Begin PBXVariantGroup section */
		1199A1BB1C6D7B2500D31D4A /* Main.storyboard */ = {
			isa = PBXVariantGroup;
			children = (
				1199A1BC1C6D7B2500D31D4A /* Base */,
			);
			name = Main.storyboard;
			sourceTree = "<group>";
		};
		1199A1C01C6D7B2700D31D4A /* LaunchScreen.storyboard */ = {
			isa = PBXVariantGroup;
			children = (
				1199A1C11C6D7B2700D31D4A /* Base */,
			);
			name = LaunchScreen.storyboard;
			sourceTree = "<group>";
		};
/* End PBXVariantGroup section */

/* Begin XCBuildConfiguration section */
		1199A1DA1C6D7B2A00D31D4A /* Debug */ = {
			isa = XCBuildConfiguration;
			buildSettings = {
				ALWAYS_SEARCH_USER_PATHS = NO;
				CLANG_CXX_LANGUAGE_STANDARD = "gnu++0x";
				CLANG_CXX_LIBRARY = "libc++";
				CLANG_ENABLE_MODULES = YES;
				CLANG_ENABLE_OBJC_ARC = YES;
				CLANG_WARN_BOOL_CONVERSION = YES;
				CLANG_WARN_CONSTANT_CONVERSION = YES;
				CLANG_WARN_DIRECT_OBJC_ISA_USAGE = YES_ERROR;
				CLANG_WARN_EMPTY_BODY = YES;
				CLANG_WARN_ENUM_CONVERSION = YES;
				CLANG_WARN_INT_CONVERSION = YES;
				CLANG_WARN_OBJC_ROOT_CLASS = YES_ERROR;
				CLANG_WARN_UNREACHABLE_CODE = YES;
				CLANG_WARN__DUPLICATE_METHOD_MATCH = YES;
				"CODE_SIGN_IDENTITY[sdk=iphoneos*]" = "iPhone Developer";
				COPY_PHASE_STRIP = NO;
				DEBUG_INFORMATION_FORMAT = dwarf;
				ENABLE_STRICT_OBJC_MSGSEND = YES;
				ENABLE_TESTABILITY = YES;
				GCC_C_LANGUAGE_STANDARD = gnu99;
				GCC_DYNAMIC_NO_PIC = NO;
				GCC_NO_COMMON_BLOCKS = YES;
				GCC_OPTIMIZATION_LEVEL = 0;
				GCC_PREPROCESSOR_DEFINITIONS = (
					"DEBUG=1",
					"$(inherited)",
				);
				GCC_WARN_64_TO_32_BIT_CONVERSION = YES;
				GCC_WARN_ABOUT_RETURN_TYPE = YES_ERROR;
				GCC_WARN_UNDECLARED_SELECTOR = YES;
				GCC_WARN_UNINITIALIZED_AUTOS = YES_AGGRESSIVE;
				GCC_WARN_UNUSED_FUNCTION = YES;
				GCC_WARN_UNUSED_VARIABLE = YES;
				IPHONEOS_DEPLOYMENT_TARGET = 9.2;
				MTL_ENABLE_DEBUG_INFO = YES;
				ONLY_ACTIVE_ARCH = YES;
				SDKROOT = iphoneos;
				SWIFT_OPTIMIZATION_LEVEL = "-Onone";
			};
			name = Debug;
		};
		1199A1DB1C6D7B2A00D31D4A /* Release */ = {
			isa = XCBuildConfiguration;
			buildSettings = {
				ALWAYS_SEARCH_USER_PATHS = NO;
				CLANG_CXX_LANGUAGE_STANDARD = "gnu++0x";
				CLANG_CXX_LIBRARY = "libc++";
				CLANG_ENABLE_MODULES = YES;
				CLANG_ENABLE_OBJC_ARC = YES;
				CLANG_WARN_BOOL_CONVERSION = YES;
				CLANG_WARN_CONSTANT_CONVERSION = YES;
				CLANG_WARN_DIRECT_OBJC_ISA_USAGE = YES_ERROR;
				CLANG_WARN_EMPTY_BODY = YES;
				CLANG_WARN_ENUM_CONVERSION = YES;
				CLANG_WARN_INT_CONVERSION = YES;
				CLANG_WARN_OBJC_ROOT_CLASS = YES_ERROR;
				CLANG_WARN_UNREACHABLE_CODE = YES;
				CLANG_WARN__DUPLICATE_METHOD_MATCH = YES;
				"CODE_SIGN_IDENTITY[sdk=iphoneos*]" = "iPhone Developer";
				COPY_PHASE_STRIP = NO;
				DEBUG_INFORMATION_FORMAT = "dwarf-with-dsym";
				ENABLE_NS_ASSERTIONS = NO;
				ENABLE_STRICT_OBJC_MSGSEND = YES;
				GCC_C_LANGUAGE_STANDARD = gnu99;
				GCC_NO_COMMON_BLOCKS = YES;
				GCC_WARN_64_TO_32_BIT_CONVERSION = YES;
				GCC_WARN_ABOUT_RETURN_TYPE = YES_ERROR;
				GCC_WARN_UNDECLARED_SELECTOR = YES;
				GCC_WARN_UNINITIALIZED_AUTOS = YES_AGGRESSIVE;
				GCC_WARN_UNUSED_FUNCTION = YES;
				GCC_WARN_UNUSED_VARIABLE = YES;
				IPHONEOS_DEPLOYMENT_TARGET = 9.2;
				MTL_ENABLE_DEBUG_INFO = NO;
				SDKROOT = iphoneos;
				VALIDATE_PRODUCT = YES;
			};
			name = Release;
		};
		1199A1DD1C6D7B2A00D31D4A /* Debug */ = {
			isa = XCBuildConfiguration;
			buildSettings = {
				ASSETCATALOG_COMPILER_APPICON_NAME = AppIcon;
				INFOPLIST_FILE = SuperCool/Info.plist;
				LD_RUNPATH_SEARCH_PATHS = "$(inherited) @executable_path/Frameworks";
				PRODUCT_BUNDLE_IDENTIFIER = com.shsoft.SuperCool;
				PRODUCT_NAME = "$(TARGET_NAME)";
			};
			name = Debug;
		};
		1199A1DE1C6D7B2A00D31D4A /* Release */ = {
			isa = XCBuildConfiguration;
			buildSettings = {
				ASSETCATALOG_COMPILER_APPICON_NAME = AppIcon;
				INFOPLIST_FILE = SuperCool/Info.plist;
				LD_RUNPATH_SEARCH_PATHS = "$(inherited) @executable_path/Frameworks";
				PRODUCT_BUNDLE_IDENTIFIER = com.shsoft.SuperCool;
				PRODUCT_NAME = "$(TARGET_NAME)";
			};
			name = Release;
		};
		1199A1E01C6D7B2A00D31D4A /* Debug */ = {
			isa = XCBuildConfiguration;
			buildSettings = {
				BUNDLE_LOADER = "$(TEST_HOST)";
				INFOPLIST_FILE = SuperCoolTests/Info.plist;
				LD_RUNPATH_SEARCH_PATHS = "$(inherited) @executable_path/Frameworks @loader_path/Frameworks";
				PRODUCT_BUNDLE_IDENTIFIER = com.shsoft.SuperCoolTests;
				PRODUCT_NAME = "$(TARGET_NAME)";
				TEST_HOST = "$(BUILT_PRODUCTS_DIR)/SuperCool.app/SuperCool";
			};
			name = Debug;
		};
		1199A1E11C6D7B2A00D31D4A /* Release */ = {
			isa = XCBuildConfiguration;
			buildSettings = {
				BUNDLE_LOADER = "$(TEST_HOST)";
				INFOPLIST_FILE = SuperCoolTests/Info.plist;
				LD_RUNPATH_SEARCH_PATHS = "$(inherited) @executable_path/Frameworks @loader_path/Frameworks";
				PRODUCT_BUNDLE_IDENTIFIER = com.shsoft.SuperCoolTests;
				PRODUCT_NAME = "$(TARGET_NAME)";
				TEST_HOST = "$(BUILT_PRODUCTS_DIR)/SuperCool.app/SuperCool";
			};
			name = Release;
		};
		1199A1E31C6D7B2A00D31D4A /* Debug */ = {
			isa = XCBuildConfiguration;
			buildSettings = {
				INFOPLIST_FILE = SuperCoolUITests/Info.plist;
				LD_RUNPATH_SEARCH_PATHS = "$(inherited) @executable_path/Frameworks @loader_path/Frameworks";
				PRODUCT_BUNDLE_IDENTIFIER = com.shsoft.SuperCoolUITests;
				PRODUCT_NAME = "$(TARGET_NAME)";
				TEST_TARGET_NAME = SuperCool;
				USES_XCTRUNNER = YES;
			};
			name = Debug;
		};
		1199A1E41C6D7B2A00D31D4A /* Release */ = {
			isa = XCBuildConfiguration;
			buildSettings = {
				INFOPLIST_FILE = SuperCoolUITests/Info.plist;
				LD_RUNPATH_SEARCH_PATHS = "$(inherited) @executable_path/Frameworks @loader_path/Frameworks";
				PRODUCT_BUNDLE_IDENTIFIER = com.shsoft.SuperCoolUITests;
				PRODUCT_NAME = "$(TARGET_NAME)";
				TEST_TARGET_NAME = SuperCool;
				USES_XCTRUNNER = YES;
			};
			name = Release;
		};
/* End XCBuildConfiguration section */

/* Begin XCConfigurationList section */
		1199A1AF1C6D7B2500D31D4A /* Build configuration list for PBXProject "SuperCool" */ = {
			isa = XCConfigurationList;
			buildConfigurations = (
				1199A1DA1C6D7B2A00D31D4A /* Debug */,
				1199A1DB1C6D7B2A00D31D4A /* Release */,
			);
			defaultConfigurationIsVisible = 0;
			defaultConfigurationName = Release;
		};
		1199A1DC1C6D7B2A00D31D4A /* Build configuration list for PBXNativeTarget "SuperCool" */ = {
			isa = XCConfigurationList;
			buildConfigurations = (
				1199A1DD1C6D7B2A00D31D4A /* Debug */,
				1199A1DE1C6D7B2A00D31D4A /* Release */,
			);
			defaultConfigurationIsVisible = 0;
		};
		1199A1DF1C6D7B2A00D31D4A /* Build configuration list for PBXNativeTarget "SuperCoolTests" */ = {
			isa = XCConfigurationList;
			buildConfigurations = (
				1199A1E01C6D7B2A00D31D4A /* Debug */,
				1199A1E11C6D7B2A00D31D4A /* Release */,
			);
			defaultConfigurationIsVisible = 0;
		};
		1199A1E21C6D7B2A00D31D4A /* Build configuration list for PBXNativeTarget "SuperCoolUITests" */ = {
			isa = XCConfigurationList;
			buildConfigurations = (
				1199A1E31C6D7B2A00D31D4A /* Debug */,
				1199A1E41C6D7B2A00D31D4A /* Release */,
			);
			defaultConfigurationIsVisible = 0;
		};
/* End XCConfigurationList section */
	};
	rootObject = 1199A1AC1C6D7B2500D31D4A /* Project object */;
}
